
Microsoft Visual Studio Solution File, Format Version 12.00
# Visual Studio Version 16
VisualStudioVersion = 16.0.31410.357
MinimumVisualStudioVersion = 10.0.40219.1
Project("{FAE04EC0-301F-11D3-BF4B-00C04F79EFBC}") = "MyWebsiteFinancialCalculator", "MyWebsiteFinancialCalculator\MyWebsiteFinancialCalculator.csproj", "{387AD234-0B6D-4FAB-BA80-9C6B72DA888C}"
EndProject
Global
	GlobalSection(SolutionConfigurationPlatforms) = preSolution
		Debug|Any CPU = Debug|Any CPU
		Release|Any CPU = Release|Any CPU
	EndGlobalSection
	GlobalSection(ProjectConfigurationPlatforms) = postSolution
		{387AD234-0B6D-4FAB-BA80-9C6B72DA888C}.Debug|Any CPU.ActiveCfg = Debug|Any CPU
		{387AD234-0B6D-4FAB-BA80-9C6B72DA888C}.Debug|Any CPU.Build.0 = Debug|Any CPU
		{387AD234-0B6D-4FAB-BA80-9C6B72DA888C}.Release|Any CPU.ActiveCfg = Release|Any CPU
		{387AD234-0B6D-4FAB-BA80-9C6B72DA888C}.Release|Any CPU.Build.0 = Release|Any CPU
	EndGlobalSection
	GlobalSection(SolutionProperties) = preSolution
		HideSolutionNode = FALSE
	EndGlobalSection
	GlobalSection(ExtensibilityGlobals) = postSolution
		SolutionGuid = {ABEA7D31-87C7-4C98-A450-3C0DA7897F0E}
	EndGlobalSection
EndGlobal
